# This file is automatically @generated by Cargo.
# It is not intended for manual editing.
version = 4

[[package]]
name = "api_rest_axum"
version = "0.1.0"

[[package]]
name = "blackjack"
version = "0.1.0"

[[package]]
name = "calculator"
version = "0.1.0"

[[package]]
name = "extension_search"
version = "0.1.0"

[[package]]
name = "http_server"
version = "0.1.0"

[[package]]
name = "line_of_code"
version = "0.1.0"

[[package]]
name = "list_files"
version = "0.1.0"

[[package]]
name = "parser_env"
version = "0.1.0"

[[package]]
name = "parser_ini"
version = "0.1.0"

[[package]]
name = "password_generator"
version = "0.1.0"

[[package]]
name = "todolist_but_good"
version = "0.1.0"
